
Microsoft Visual Studio Solution File, Format Version 12.00
# Visual Studio 14
VisualStudioVersion = 14.0.25420.1
MinimumVisualStudioVersion = 10.0.40219.1
Project("{FAE04EC0-301F-11D3-BF4B-00C04F79EFBC}") = "YilanFareOyunu", "YilanFareOyunu\YilanFareOyunu.csproj", "{19BE7FA2-DA01-49CD-9CF9-FD6C8174CD6A}"
EndProject
Project("{54435603-DBB4-11D2-8724-00A0C9A8B90C}") = "Yılan Fare Yakalamaca Oyunu", "Yılan Fare Yakalamaca Oyunu\Yılan Fare Yakalamaca Oyunu.vdproj", "{EFC298DC-45C2-4876-AC69-EE9F3EA3040E}"
EndProject
Global
	GlobalSection(SolutionConfigurationPlatforms) = preSolution
		Debug|Any CPU = Debug|Any CPU
		Release|Any CPU = Release|Any CPU
	EndGlobalSection
	GlobalSection(ProjectConfigurationPlatforms) = postSolution
		{19BE7FA2-DA01-49CD-9CF9-FD6C8174CD6A}.Debug|Any CPU.ActiveCfg = Debug|Any CPU
		{19BE7FA2-DA01-49CD-9CF9-FD6C8174CD6A}.Debug|Any CPU.Build.0 = Debug|Any CPU
		{19BE7FA2-DA01-49CD-9CF9-FD6C8174CD6A}.Release|Any CPU.ActiveCfg = Release|Any CPU
		{19BE7FA2-DA01-49CD-9CF9-FD6C8174CD6A}.Release|Any CPU.Build.0 = Release|Any CPU
		{EFC298DC-45C2-4876-AC69-EE9F3EA3040E}.Debug|Any CPU.ActiveCfg = Debug
		{EFC298DC-45C2-4876-AC69-EE9F3EA3040E}.Release|Any CPU.ActiveCfg = Release
	EndGlobalSection
	GlobalSection(SolutionProperties) = preSolution
		HideSolutionNode = FALSE
	EndGlobalSection
	GlobalSection(ExtensibilityGlobals) = postSolution
		SolutionGuid = {75FB06EC-EE66-455B-8FE5-7890BDBDE87E}
	EndGlobalSection
EndGlobal
